
Microsoft Visual Studio Solution File, Format Version 12.00
# Visual Studio Version 17
VisualStudioVersion = 17.6.33815.320
MinimumVisualStudioVersion = 10.0.40219.1
Project("{9A19103F-16F7-4668-BE54-9A1E7A4F7556}") = "Energy.App.Standalone", "Energy.App.Standalone\Energy.App.Standalone.csproj", "{D0DDB7C7-7DED-496E-ABD9-93E3067C2CDD}"
EndProject
Project("{9A19103F-16F7-4668-BE54-9A1E7A4F7556}") = "Energy.WeatherReadings", "Energy.WeatherReadings\Energy.WeatherReadings.csproj", "{8B8E6426-24E7-40B4-8C86-CB41AFCE4E90}"
EndProject
Project("{9A19103F-16F7-4668-BE54-9A1E7A4F7556}") = "Energy.Shared", "Energy.Shared\Energy.Shared.csproj", "{FC6B375C-B692-428E-892B-DF71584049F9}"
EndProject
Project("{2150E333-8FDC-42A3-9474-1A3956D46DE8}") = "0. Solution Items", "0. Solution Items", "{D3A012E3-8D35-4AD2-9650-F752BC1CA0AA}"
	ProjectSection(SolutionItems) = preProject
		MudTooltipSnippet.snippet = MudTooltipSnippet.snippet
	EndProjectSection
EndProject
Project("{9A19103F-16F7-4668-BE54-9A1E7A4F7556}") = "Energy.n3rgyApi", "Energy.n3rgyApi\Energy.n3rgyApi.csproj", "{9FCA55BC-50B0-445B-B8D1-0C7DAB05DB52}"
EndProject
Project("{2150E333-8FDC-42A3-9474-1A3956D46DE8}") = "1. Services", "1. Services", "{C265B938-A816-4407-A9D8-4A26FC60F816}"
EndProject
Project("{2150E333-8FDC-42A3-9474-1A3956D46DE8}") = "2. Presentation", "2. Presentation", "{CDEA7512-B914-4DBD-B915-1F45C5C8A69D}"
EndProject
Project("{2150E333-8FDC-42A3-9474-1A3956D46DE8}") = "3. Test", "3. Test", "{6D421CD0-9BBF-4CF0-A8B4-F5E8B6A3FDFF}"
EndProject
Project("{9A19103F-16F7-4668-BE54-9A1E7A4F7556}") = "Energy.Test", "Energy.Test\Energy.Test.csproj", "{7693E9B3-C3A7-4A16-A665-4316E566FFE7}"
EndProject
Global
	GlobalSection(SolutionConfigurationPlatforms) = preSolution
		Debug|Any CPU = Debug|Any CPU
		Debug|x64 = Debug|x64
		Release|Any CPU = Release|Any CPU
		Release|x64 = Release|x64
	EndGlobalSection
	GlobalSection(ProjectConfigurationPlatforms) = postSolution
		{D0DDB7C7-7DED-496E-ABD9-93E3067C2CDD}.Debug|Any CPU.ActiveCfg = Debug|Any CPU
		{D0DDB7C7-7DED-496E-ABD9-93E3067C2CDD}.Debug|Any CPU.Build.0 = Debug|Any CPU
		{D0DDB7C7-7DED-496E-ABD9-93E3067C2CDD}.Debug|x64.ActiveCfg = Debug|x64
		{D0DDB7C7-7DED-496E-ABD9-93E3067C2CDD}.Debug|x64.Build.0 = Debug|x64
		{D0DDB7C7-7DED-496E-ABD9-93E3067C2CDD}.Release|Any CPU.ActiveCfg = Release|Any CPU
		{D0DDB7C7-7DED-496E-ABD9-93E3067C2CDD}.Release|Any CPU.Build.0 = Release|Any CPU
		{D0DDB7C7-7DED-496E-ABD9-93E3067C2CDD}.Release|x64.ActiveCfg = Release|x64
		{D0DDB7C7-7DED-496E-ABD9-93E3067C2CDD}.Release|x64.Build.0 = Release|x64
		{8B8E6426-24E7-40B4-8C86-CB41AFCE4E90}.Debug|Any CPU.ActiveCfg = Debug|Any CPU
		{8B8E6426-24E7-40B4-8C86-CB41AFCE4E90}.Debug|Any CPU.Build.0 = Debug|Any CPU
		{8B8E6426-24E7-40B4-8C86-CB41AFCE4E90}.Debug|x64.ActiveCfg = Debug|x64
		{8B8E6426-24E7-40B4-8C86-CB41AFCE4E90}.Debug|x64.Build.0 = Debug|x64
		{8B8E6426-24E7-40B4-8C86-CB41AFCE4E90}.Release|Any CPU.ActiveCfg = Release|Any CPU
		{8B8E6426-24E7-40B4-8C86-CB41AFCE4E90}.Release|Any CPU.Build.0 = Release|Any CPU
		{8B8E6426-24E7-40B4-8C86-CB41AFCE4E90}.Release|x64.ActiveCfg = Release|x64
		{8B8E6426-24E7-40B4-8C86-CB41AFCE4E90}.Release|x64.Build.0 = Release|x64
		{FC6B375C-B692-428E-892B-DF71584049F9}.Debug|Any CPU.ActiveCfg = Debug|Any CPU
		{FC6B375C-B692-428E-892B-DF71584049F9}.Debug|Any CPU.Build.0 = Debug|Any CPU
		{FC6B375C-B692-428E-892B-DF71584049F9}.Debug|x64.ActiveCfg = Debug|x64
		{FC6B375C-B692-428E-892B-DF71584049F9}.Debug|x64.Build.0 = Debug|x64
		{FC6B375C-B692-428E-892B-DF71584049F9}.Release|Any CPU.ActiveCfg = Release|Any CPU
		{FC6B375C-B692-428E-892B-DF71584049F9}.Release|Any CPU.Build.0 = Release|Any CPU
		{FC6B375C-B692-428E-892B-DF71584049F9}.Release|x64.ActiveCfg = Release|x64
		{FC6B375C-B692-428E-892B-DF71584049F9}.Release|x64.Build.0 = Release|x64
		{9FCA55BC-50B0-445B-B8D1-0C7DAB05DB52}.Debug|Any CPU.ActiveCfg = Debug|Any CPU
		{9FCA55BC-50B0-445B-B8D1-0C7DAB05DB52}.Debug|Any CPU.Build.0 = Debug|Any CPU
		{9FCA55BC-50B0-445B-B8D1-0C7DAB05DB52}.Debug|x64.ActiveCfg = Debug|Any CPU
		{9FCA55BC-50B0-445B-B8D1-0C7DAB05DB52}.Debug|x64.Build.0 = Debug|Any CPU
		{9FCA55BC-50B0-445B-B8D1-0C7DAB05DB52}.Release|Any CPU.ActiveCfg = Release|Any CPU
		{9FCA55BC-50B0-445B-B8D1-0C7DAB05DB52}.Release|Any CPU.Build.0 = Release|Any CPU
		{9FCA55BC-50B0-445B-B8D1-0C7DAB05DB52}.Release|x64.ActiveCfg = Release|Any CPU
		{9FCA55BC-50B0-445B-B8D1-0C7DAB05DB52}.Release|x64.Build.0 = Release|Any CPU
		{7693E9B3-C3A7-4A16-A665-4316E566FFE7}.Debug|Any CPU.ActiveCfg = Debug|Any CPU
		{7693E9B3-C3A7-4A16-A665-4316E566FFE7}.Debug|Any CPU.Build.0 = Debug|Any CPU
		{7693E9B3-C3A7-4A16-A665-4316E566FFE7}.Debug|x64.ActiveCfg = Debug|Any CPU
		{7693E9B3-C3A7-4A16-A665-4316E566FFE7}.Debug|x64.Build.0 = Debug|Any CPU
		{7693E9B3-C3A7-4A16-A665-4316E566FFE7}.Release|Any CPU.ActiveCfg = Release|Any CPU
		{7693E9B3-C3A7-4A16-A665-4316E566FFE7}.Release|Any CPU.Build.0 = Release|Any CPU
		{7693E9B3-C3A7-4A16-A665-4316E566FFE7}.Release|x64.ActiveCfg = Release|Any CPU
		{7693E9B3-C3A7-4A16-A665-4316E566FFE7}.Release|x64.Build.0 = Release|Any CPU
	EndGlobalSection
	GlobalSection(SolutionProperties) = preSolution
		HideSolutionNode = FALSE
	EndGlobalSection
	GlobalSection(NestedProjects) = preSolution
		{D0DDB7C7-7DED-496E-ABD9-93E3067C2CDD} = {CDEA7512-B914-4DBD-B915-1F45C5C8A69D}
		{8B8E6426-24E7-40B4-8C86-CB41AFCE4E90} = {C265B938-A816-4407-A9D8-4A26FC60F816}
		{FC6B375C-B692-428E-892B-DF71584049F9} = {C265B938-A816-4407-A9D8-4A26FC60F816}
		{9FCA55BC-50B0-445B-B8D1-0C7DAB05DB52} = {C265B938-A816-4407-A9D8-4A26FC60F816}
		{7693E9B3-C3A7-4A16-A665-4316E566FFE7} = {6D421CD0-9BBF-4CF0-A8B4-F5E8B6A3FDFF}
	EndGlobalSection
	GlobalSection(ExtensibilityGlobals) = postSolution
		SolutionGuid = {26C2619D-A299-43C1-9215-933FF28AA611}
	EndGlobalSection
EndGlobal
